
Microsoft Visual Studio Solution File, Format Version 12.00
Project("{FAE04EC0-301F-11D3-BF4B-00C04F79EFBC}") = "GameOfLife", "GameOfLife\GameOfLife.csproj", "{E36B8015-87C5-4E8F-B16A-1E61EBD2658D}"
EndProject
Project("{FAE04EC0-301F-11D3-BF4B-00C04F79EFBC}") = "GameOfLifeTests", "GameOfLifeTests\GameOfLifeTests.csproj", "{40116C93-B86C-4279-A26E-0209098D04EA}"
EndProject
Global
	GlobalSection(SolutionConfigurationPlatforms) = preSolution
		Debug|Any CPU = Debug|Any CPU
		Release|Any CPU = Release|Any CPU
	EndGlobalSection
	GlobalSection(ProjectConfigurationPlatforms) = postSolution
		{E36B8015-87C5-4E8F-B16A-1E61EBD2658D}.Debug|Any CPU.ActiveCfg = Debug|Any CPU
		{E36B8015-87C5-4E8F-B16A-1E61EBD2658D}.Debug|Any CPU.Build.0 = Debug|Any CPU
		{E36B8015-87C5-4E8F-B16A-1E61EBD2658D}.Release|Any CPU.ActiveCfg = Release|Any CPU
		{E36B8015-87C5-4E8F-B16A-1E61EBD2658D}.Release|Any CPU.Build.0 = Release|Any CPU
		{40116C93-B86C-4279-A26E-0209098D04EA}.Debug|Any CPU.ActiveCfg = Debug|Any CPU
		{40116C93-B86C-4279-A26E-0209098D04EA}.Debug|Any CPU.Build.0 = Debug|Any CPU
		{40116C93-B86C-4279-A26E-0209098D04EA}.Release|Any CPU.ActiveCfg = Release|Any CPU
		{40116C93-B86C-4279-A26E-0209098D04EA}.Release|Any CPU.Build.0 = Release|Any CPU
	EndGlobalSection
EndGlobal
